// !$*UTF8*$!
{
	archiveVersion = 1;
	classes = {
	};
	objectVersion = 56;
	objects = {

/* Begin PBXBuildFile section */
		3F333EF82C215E89002F8C2C /* SampleAppWithWebApp.swift in Sources */ = {isa = PBXBuildFile; fileRef = 3F333EF72C215E89002F8C2C /* SampleAppWithWebApp.swift */; };
		3F333EFA2C215E89002F8C2C /* ContentView.swift in Sources */ = {isa = PBXBuildFile; fileRef = 3F333EF92C215E89002F8C2C /* ContentView.swift */; };
		3F333EFC2C215E8A002F8C2C /* Assets.xcassets in Resources */ = {isa = PBXBuildFile; fileRef = 3F333EFB2C215E8A002F8C2C /* Assets.xcassets */; };
		3F333EFF2C215E8A002F8C2C /* Preview Assets.xcassets in Resources */ = {isa = PBXBuildFile; fileRef = 3F333EFE2C215E8A002F8C2C /* Preview Assets.xcassets */; };
		3F333F092C215E8B002F8C2C /* SampleAppWithWebTests.swift in Sources */ = {isa = PBXBuildFile; fileRef = 3F333F082C215E8B002F8C2C /* SampleAppWithWebTests.swift */; };
		3F333F132C215E8B002F8C2C /* SampleAppWithWebUITests.swift in Sources */ = {isa = PBXBuildFile; fileRef = 3F333F122C215E8B002F8C2C /* SampleAppWithWebUITests.swift */; };
		3F333F152C215E8B002F8C2C /* SampleAppWithWebUITestsLaunchTests.swift in Sources */ = {isa = PBXBuildFile; fileRef = 3F333F142C215E8B002F8C2C /* SampleAppWithWebUITestsLaunchTests.swift */; };
/* End PBXBuildFile section */

/* Begin PBXContainerItemProxy section */
		3F333F052C215E8B002F8C2C /* PBXContainerItemProxy */ = {
			isa = PBXContainerItemProxy;
			containerPortal = 3F333EEC2C215E89002F8C2C /* Project object */;
			proxyType = 1;
			remoteGlobalIDString = 3F333EF32C215E89002F8C2C;
			remoteInfo = SampleAppWithWeb;
		};
		3F333F0F2C215E8B002F8C2C /* PBXContainerItemProxy */ = {
			isa = PBXContainerItemProxy;
			containerPortal = 3F333EEC2C215E89002F8C2C /* Project object */;
			proxyType = 1;
			remoteGlobalIDString = 3F333EF32C215E89002F8C2C;
			remoteInfo = SampleAppWithWeb;
		};
/* End PBXContainerItemProxy section */

/* Begin PBXFileReference section */
		3F333EF42C215E89002F8C2C /* SampleAppWithWeb.app */ = {isa = PBXFileReference; explicitFileType = wrapper.application; includeInIndex = 0; path = SampleAppWithWeb.app; sourceTree = BUILT_PRODUCTS_DIR; };
		3F333EF72C215E89002F8C2C /* SampleAppWithWebApp.swift */ = {isa = PBXFileReference; lastKnownFileType = sourcecode.swift; path = SampleAppWithWebApp.swift; sourceTree = "<group>"; };
		3F333EF92C215E89002F8C2C /* ContentView.swift */ = {isa = PBXFileReference; lastKnownFileType = sourcecode.swift; path = ContentView.swift; sourceTree = "<group>"; };
		3F333EFB2C215E8A002F8C2C /* Assets.xcassets */ = {isa = PBXFileReference; lastKnownFileType = folder.assetcatalog; path = Assets.xcassets; sourceTree = "<group>"; };
		3F333EFE2C215E8A002F8C2C /* Preview Assets.xcassets */ = {isa = PBXFileReference; lastKnownFileType = folder.assetcatalog; path = "Preview Assets.xcassets"; sourceTree = "<group>"; };
		3F333F042C215E8B002F8C2C /* SampleAppWithWebTests.xctest */ = {isa = PBXFileReference; explicitFileType = wrapper.cfbundle; includeInIndex = 0; path = SampleAppWithWebTests.xctest; sourceTree = BUILT_PRODUCTS_DIR; };
		3F333F082C215E8B002F8C2C /* SampleAppWithWebTests.swift */ = {isa = PBXFileReference; lastKnownFileType = sourcecode.swift; path = SampleAppWithWebTests.swift; sourceTree = "<group>"; };
		3F333F0E2C215E8B002F8C2C /* SampleAppWithWebUITests.xctest */ = {isa = PBXFileReference; explicitFileType = wrapper.cfbundle; includeInIndex = 0; path = SampleAppWithWebUITests.xctest; sourceTree = BUILT_PRODUCTS_DIR; };
		3F333F122C215E8B002F8C2C /* SampleAppWithWebUITests.swift */ = {isa = PBXFileReference; lastKnownFileType = sourcecode.swift; path = SampleAppWithWebUITests.swift; sourceTree = "<group>"; };
		3F333F142C215E8B002F8C2C /* SampleAppWithWebUITestsLaunchTests.swift */ = {isa = PBXFileReference; lastKnownFileType = sourcecode.swift; path = SampleAppWithWebUITestsLaunchTests.swift; sourceTree = "<group>"; };
/* End PBXFileReference section */

/* Begin PBXFrameworksBuildPhase section */
		3F333EF12C215E89002F8C2C /* Frameworks */ = {
			isa = PBXFrameworksBuildPhase;
			buildActionMask = 2147483647;
			files = (
			);
			runOnlyForDeploymentPostprocessing = 0;
		};
		3F333F012C215E8B002F8C2C /* Frameworks */ = {
			isa = PBXFrameworksBuildPhase;
			buildActionMask = 2147483647;
			files = (
			);
			runOnlyForDeploymentPostprocessing = 0;
		};
		3F333F0B2C215E8B002F8C2C /* Frameworks */ = {
			isa = PBXFrameworksBuildPhase;
			buildActionMask = 2147483647;
			files = (
			);
			runOnlyForDeploymentPostprocessing = 0;
		};
/* End PBXFrameworksBuildPhase section */

/* Begin PBXGroup section */
		3F333EEB2C215E89002F8C2C = {
			isa = PBXGroup;
			children = (
				3F333EF62C215E89002F8C2C /* SampleAppWithWeb */,
				3F333F072C215E8B002F8C2C /* SampleAppWithWebTests */,
				3F333F112C215E8B002F8C2C /* SampleAppWithWebUITests */,
				3F333EF52C215E89002F8C2C /* Products */,
			);
			sourceTree = "<group>";
		};
		3F333EF52C215E89002F8C2C /* Products */ = {
			isa = PBXGroup;
			children = (
				3F333EF42C215E89002F8C2C /* SampleAppWithWeb.app */,
				3F333F042C215E8B002F8C2C /* SampleAppWithWebTests.xctest */,
				3F333F0E2C215E8B002F8C2C /* SampleAppWithWebUITests.xctest */,
			);
			name = Products;
			sourceTree = "<group>";
		};
		3F333EF62C215E89002F8C2C /* SampleAppWithWeb */ = {
			isa = PBXGroup;
			children = (
				3F333EF72C215E89002F8C2C /* SampleAppWithWebApp.swift */,
				3F333EF92C215E89002F8C2C /* ContentView.swift */,
				3F333EFB2C215E8A002F8C2C /* Assets.xcassets */,
				3F333EFD2C215E8A002F8C2C /* Preview Content */,
			);
			path = SampleAppWithWeb;
			sourceTree = "<group>";
		};
		3F333EFD2C215E8A002F8C2C /* Preview Content */ = {
			isa = PBXGroup;
			children = (
				3F333EFE2C215E8A002F8C2C /* Preview Assets.xcassets */,
			);
			path = "Preview Content";
			sourceTree = "<group>";
		};
		3F333F072C215E8B002F8C2C /* SampleAppWithWebTests */ = {
			isa = PBXGroup;
			children = (
				3F333F082C215E8B002F8C2C /* SampleAppWithWebTests.swift */,
			);
			path = SampleAppWithWebTests;
			sourceTree = "<group>";
		};
		3F333F112C215E8B002F8C2C /* SampleAppWithWebUITests */ = {
			isa = PBXGroup;
			children = (
				3F333F122C215E8B002F8C2C /* SampleAppWithWebUITests.swift */,
				3F333F142C215E8B002F8C2C /* SampleAppWithWebUITestsLaunchTests.swift */,
			);
			path = SampleAppWithWebUITests;
			sourceTree = "<group>";
		};
/* End PBXGroup section */

/* Begin PBXNativeTarget section */
		3F333EF32C215E89002F8C2C /* SampleAppWithWeb */ = {
			isa = PBXNativeTarget;
			buildConfigurationList = 3F333F182C215E8B002F8C2C /* Build configuration list for PBXNativeTarget "SampleAppWithWeb" */;
			buildPhases = (
				3F333EF02C215E89002F8C2C /* Sources */,
				3F333EF12C215E89002F8C2C /* Frameworks */,
				3F333EF22C215E89002F8C2C /* Resources */,
			);
			buildRules = (
			);
			dependencies = (
			);
			name = SampleAppWithWeb;
			productName = SampleAppWithWeb;
			productReference = 3F333EF42C215E89002F8C2C /* SampleAppWithWeb.app */;
			productType = "com.apple.product-type.application";
		};
		3F333F032C215E8B002F8C2C /* SampleAppWithWebTests */ = {
			isa = PBXNativeTarget;
			buildConfigurationList = 3F333F1B2C215E8B002F8C2C /* Build configuration list for PBXNativeTarget "SampleAppWithWebTests" */;
			buildPhases = (
				3F333F002C215E8B002F8C2C /* Sources */,
				3F333F012C215E8B002F8C2C /* Frameworks */,
				3F333F022C215E8B002F8C2C /* Resources */,
			);
			buildRules = (
			);
			dependencies = (
				3F333F062C215E8B002F8C2C /* PBXTargetDependency */,
			);
			name = SampleAppWithWebTests;
			productName = SampleAppWithWebTests;
			productReference = 3F333F042C215E8B002F8C2C /* SampleAppWithWebTests.xctest */;
			productType = "com.apple.product-type.bundle.unit-test";
		};
		3F333F0D2C215E8B002F8C2C /* SampleAppWithWebUITests */ = {
			isa = PBXNativeTarget;
			buildConfigurationList = 3F333F1E2C215E8B002F8C2C /* Build configuration list for PBXNativeTarget "SampleAppWithWebUITests" */;
			buildPhases = (
				3F333F0A2C215E8B002F8C2C /* Sources */,
				3F333F0B2C215E8B002F8C2C /* Frameworks */,
				3F333F0C2C215E8B002F8C2C /* Resources */,
			);
			buildRules = (
			);
			dependencies = (
				3F333F102C215E8B002F8C2C /* PBXTargetDependency */,
			);
			name = SampleAppWithWebUITests;
			productName = SampleAppWithWebUITests;
			productReference = 3F333F0E2C215E8B002F8C2C /* SampleAppWithWebUITests.xctest */;
			productType = "com.apple.product-type.bundle.ui-testing";
		};
/* End PBXNativeTarget section */

/* Begin PBXProject section */
		3F333EEC2C215E89002F8C2C /* Project object */ = {
			isa = PBXProject;
			attributes = {
				BuildIndependentTargetsInParallel = 1;
				LastSwiftUpdateCheck = 1540;
				LastUpgradeCheck = 1540;
				TargetAttributes = {
					3F333EF32C215E89002F8C2C = {
						CreatedOnToolsVersion = 15.4;
					};
					3F333F032C215E8B002F8C2C = {
						CreatedOnToolsVersion = 15.4;
						TestTargetID = 3F333EF32C215E89002F8C2C;
					};
					3F333F0D2C215E8B002F8C2C = {
						CreatedOnToolsVersion = 15.4;
						TestTargetID = 3F333EF32C215E89002F8C2C;
					};
				};
			};
			buildConfigurationList = 3F333EEF2C215E89002F8C2C /* Build configuration list for PBXProject "SampleAppWithWeb" */;
			compatibilityVersion = "Xcode 14.0";
			developmentRegion = en;
			hasScannedForEncodings = 0;
			knownRegions = (
				en,
				Base,
			);
			mainGroup = 3F333EEB2C215E89002F8C2C;
			productRefGroup = 3F333EF52C215E89002F8C2C /* Products */;
			projectDirPath = "";
			projectRoot = "";
			targets = (
				3F333EF32C215E89002F8C2C /* SampleAppWithWeb */,
				3F333F032C215E8B002F8C2C /* SampleAppWithWebTests */,
				3F333F0D2C215E8B002F8C2C /* SampleAppWithWebUITests */,
			);
		};
/* End PBXProject section */

/* Begin PBXResourcesBuildPhase section */
		3F333EF22C215E89002F8C2C /* Resources */ = {
			isa = PBXResourcesBuildPhase;
			buildActionMask = 2147483647;
			files = (
				3F333EFF2C215E8A002F8C2C /* Preview Assets.xcassets in Resources */,
				3F333EFC2C215E8A002F8C2C /* Assets.xcassets in Resources */,
			);
			runOnlyForDeploymentPostprocessing = 0;
		};
		3F333F022C215E8B002F8C2C /* Resources */ = {
			isa = PBXResourcesBuildPhase;
			buildActionMask = 2147483647;
			files = (
			);
			runOnlyForDeploymentPostprocessing = 0;
		};
		3F333F0C2C215E8B002F8C2C /* Resources */ = {
			isa = PBXResourcesBuildPhase;
			buildActionMask = 2147483647;
			files = (
			);
			runOnlyForDeploymentPostprocessing = 0;
		};
/* End PBXResourcesBuildPhase section */

/* Begin PBXSourcesBuildPhase section */
		3F333EF02C215E89002F8C2C /* Sources */ = {
			isa = PBXSourcesBuildPhase;
			buildActionMask = 2147483647;
			files = (
				3F333EFA2C215E89002F8C2C /* ContentView.swift in Sources */,
				3F333EF82C215E89002F8C2C /* SampleAppWithWebApp.swift in Sources */,
			);
			runOnlyForDeploymentPostprocessing = 0;
		};
		3F333F002C215E8B002F8C2C /* Sources */ = {
			isa = PBXSourcesBuildPhase;
			buildActionMask = 2147483647;
			files = (
				3F333F092C215E8B002F8C2C /* SampleAppWithWebTests.swift in Sources */,
			);
			runOnlyForDeploymentPostprocessing = 0;
		};
		3F333F0A2C215E8B002F8C2C /* Sources */ = {
			isa = PBXSourcesBuildPhase;
			buildActionMask = 2147483647;
			files = (
				3F333F132C215E8B002F8C2C /* SampleAppWithWebUITests.swift in Sources */,
				3F333F152C215E8B002F8C2C /* SampleAppWithWebUITestsLaunchTests.swift in Sources */,
			);
			runOnlyForDeploymentPostprocessing = 0;
		};
/* End PBXSourcesBuildPhase section */

/* Begin PBXTargetDependency section */
		3F333F062C215E8B002F8C2C /* PBXTargetDependency */ = {
			isa = PBXTargetDependency;
			target = 3F333EF32C215E89002F8C2C /* SampleAppWithWeb */;
			targetProxy = 3F333F052C215E8B002F8C2C /* PBXContainerItemProxy */;
		};
		3F333F102C215E8B002F8C2C /* PBXTargetDependency */ = {
			isa = PBXTargetDependency;
			target = 3F333EF32C215E89002F8C2C /* SampleAppWithWeb */;
			targetProxy = 3F333F0F2C215E8B002F8C2C /* PBXContainerItemProxy */;
		};
/* End PBXTargetDependency section */

/* Begin XCBuildConfiguration section */
		3F333F162C215E8B002F8C2C /* Debug */ = {
			isa = XCBuildConfiguration;
			buildSettings = {
				ALWAYS_SEARCH_USER_PATHS = NO;
				ASSETCATALOG_COMPILER_GENERATE_SWIFT_ASSET_SYMBOL_EXTENSIONS = YES;
				CLANG_ANALYZER_NONNULL = YES;
				CLANG_ANALYZER_NUMBER_OBJECT_CONVERSION = YES_AGGRESSIVE;
				CLANG_CXX_LANGUAGE_STANDARD = "gnu++20";
				CLANG_ENABLE_MODULES = YES;
				CLANG_ENABLE_OBJC_ARC = YES;
				CLANG_ENABLE_OBJC_WEAK = YES;
				CLANG_WARN_BLOCK_CAPTURE_AUTORELEASING = YES;
				CLANG_WARN_BOOL_CONVERSION = YES;
				CLANG_WARN_COMMA = YES;
				CLANG_WARN_CONSTANT_CONVERSION = YES;
				CLANG_WARN_DEPRECATED_OBJC_IMPLEMENTATIONS = YES;
				CLANG_WARN_DIRECT_OBJC_ISA_USAGE = YES_ERROR;
				CLANG_WARN_DOCUMENTATION_COMMENTS = YES;
				CLANG_WARN_EMPTY_BODY = YES;
				CLANG_WARN_ENUM_CONVERSION = YES;
				CLANG_WARN_INFINITE_RECURSION = YES;
				CLANG_WARN_INT_CONVERSION = YES;
				CLANG_WARN_NON_LITERAL_NULL_CONVERSION = YES;
				CLANG_WARN_OBJC_IMPLICIT_RETAIN_SELF = YES;
				CLANG_WARN_OBJC_LITERAL_CONVERSION = YES;
				CLANG_WARN_OBJC_ROOT_CLASS = YES_ERROR;
				CLANG_WARN_QUOTED_INCLUDE_IN_FRAMEWORK_HEADER = YES;
				CLANG_WARN_RANGE_LOOP_ANALYSIS = YES;
				CLANG_WARN_STRICT_PROTOTYPES = YES;
				CLANG_WARN_SUSPICIOUS_MOVE = YES;
				CLANG_WARN_UNGUARDED_AVAILABILITY = YES_AGGRESSIVE;
				CLANG_WARN_UNREACHABLE_CODE = YES;
				CLANG_WARN__DUPLICATE_METHOD_MATCH = YES;
				COPY_PHASE_STRIP = NO;
				DEBUG_INFORMATION_FORMAT = dwarf;
				ENABLE_STRICT_OBJC_MSGSEND = YES;
				ENABLE_TESTABILITY = YES;
				ENABLE_USER_SCRIPT_SANDBOXING = YES;
				GCC_C_LANGUAGE_STANDARD = gnu17;
				GCC_DYNAMIC_NO_PIC = NO;
				GCC_NO_COMMON_BLOCKS = YES;
				GCC_OPTIMIZATION_LEVEL = 0;
				GCC_PREPROCESSOR_DEFINITIONS = (
					"DEBUG=1",
					"$(inherited)",
				);
				GCC_WARN_64_TO_32_BIT_CONVERSION = YES;
				GCC_WARN_ABOUT_RETURN_TYPE = YES_ERROR;
				GCC_WARN_UNDECLARED_SELECTOR = YES;
				GCC_WARN_UNINITIALIZED_AUTOS = YES_AGGRESSIVE;
				GCC_WARN_UNUSED_FUNCTION = YES;
				GCC_WARN_UNUSED_VARIABLE = YES;
				IPHONEOS_DEPLOYMENT_TARGET = 17.5;
				LOCALIZATION_PREFERS_STRING_CATALOGS = YES;
				MTL_ENABLE_DEBUG_INFO = INCLUDE_SOURCE;
				MTL_FAST_MATH = YES;
				ONLY_ACTIVE_ARCH = YES;
				SDKROOT = iphoneos;
				SWIFT_ACTIVE_COMPILATION_CONDITIONS = "DEBUG $(inherited)";
				SWIFT_OPTIMIZATION_LEVEL = "-Onone";
			};
			name = Debug;
		};
		3F333F172C215E8B002F8C2C /* Release */ = {
			isa = XCBuildConfiguration;
			buildSettings = {
				ALWAYS_SEARCH_USER_PATHS = NO;
				ASSETCATALOG_COMPILER_GENERATE_SWIFT_ASSET_SYMBOL_EXTENSIONS = YES;
				CLANG_ANALYZER_NONNULL = YES;
				CLANG_ANALYZER_NUMBER_OBJECT_CONVERSION = YES_AGGRESSIVE;
				CLANG_CXX_LANGUAGE_STANDARD = "gnu++20";
				CLANG_ENABLE_MODULES = YES;
				CLANG_ENABLE_OBJC_ARC = YES;
				CLANG_ENABLE_OBJC_WEAK = YES;
				CLANG_WARN_BLOCK_CAPTURE_AUTORELEASING = YES;
				CLANG_WARN_BOOL_CONVERSION = YES;
				CLANG_WARN_COMMA = YES;
				CLANG_WARN_CONSTANT_CONVERSION = YES;
				CLANG_WARN_DEPRECATED_OBJC_IMPLEMENTATIONS = YES;
				CLANG_WARN_DIRECT_OBJC_ISA_USAGE = YES_ERROR;
				CLANG_WARN_DOCUMENTATION_COMMENTS = YES;
				CLANG_WARN_EMPTY_BODY = YES;
				CLANG_WARN_ENUM_CONVERSION = YES;
				CLANG_WARN_INFINITE_RECURSION = YES;
				CLANG_WARN_INT_CONVERSION = YES;
				CLANG_WARN_NON_LITERAL_NULL_CONVERSION = YES;
				CLANG_WARN_OBJC_IMPLICIT_RETAIN_SELF = YES;
				CLANG_WARN_OBJC_LITERAL_CONVERSION = YES;
				CLANG_WARN_OBJC_ROOT_CLASS = YES_ERROR;
				CLANG_WARN_QUOTED_INCLUDE_IN_FRAMEWORK_HEADER = YES;
				CLANG_WARN_RANGE_LOOP_ANALYSIS = YES;
				CLANG_WARN_STRICT_PROTOTYPES = YES;
				CLANG_WARN_SUSPICIOUS_MOVE = YES;
				CLANG_WARN_UNGUARDED_AVAILABILITY = YES_AGGRESSIVE;
				CLANG_WARN_UNREACHABLE_CODE = YES;
				CLANG_WARN__DUPLICATE_METHOD_MATCH = YES;
				COPY_PHASE_STRIP = NO;
				DEBUG_INFORMATION_FORMAT = "dwarf-with-dsym";
				ENABLE_NS_ASSERTIONS = NO;
				ENABLE_STRICT_OBJC_MSGSEND = YES;
				ENABLE_USER_SCRIPT_SANDBOXING = YES;
				GCC_C_LANGUAGE_STANDARD = gnu17;
				GCC_NO_COMMON_BLOCKS = YES;
				GCC_WARN_64_TO_32_BIT_CONVERSION = YES;
				GCC_WARN_ABOUT_RETURN_TYPE = YES_ERROR;
				GCC_WARN_UNDECLARED_SELECTOR = YES;
				GCC_WARN_UNINITIALIZED_AUTOS = YES_AGGRESSIVE;
				GCC_WARN_UNUSED_FUNCTION = YES;
				GCC_WARN_UNUSED_VARIABLE = YES;
				IPHONEOS_DEPLOYMENT_TARGET = 17.5;
				LOCALIZATION_PREFERS_STRING_CATALOGS = YES;
				MTL_ENABLE_DEBUG_INFO = NO;
				MTL_FAST_MATH = YES;
				SDKROOT = iphoneos;
				SWIFT_COMPILATION_MODE = wholemodule;
				VALIDATE_PRODUCT = YES;
			};
			name = Release;
		};
		3F333F192C215E8B002F8C2C /* Debug */ = {
			isa = XCBuildConfiguration;
			buildSettings = {
				ASSETCATALOG_COMPILER_APPICON_NAME = AppIcon;
				ASSETCATALOG_COMPILER_GLOBAL_ACCENT_COLOR_NAME = AccentColor;
				CODE_SIGN_STYLE = Automatic;
				CURRENT_PROJECT_VERSION = 1;
				DEVELOPMENT_ASSET_PATHS = "\"SampleAppWithWeb/Preview Content\"";
				DEVELOPMENT_TEAM = B58T472MM3;
				ENABLE_PREVIEWS = YES;
				GENERATE_INFOPLIST_FILE = YES;
				INFOPLIST_KEY_UIApplicationSceneManifest_Generation = YES;
				INFOPLIST_KEY_UIApplicationSupportsIndirectInputEvents = YES;
				INFOPLIST_KEY_UILaunchScreen_Generation = YES;
				INFOPLIST_KEY_UISupportedInterfaceOrientations_iPad = "UIInterfaceOrientationPortrait UIInterfaceOrientationPortraitUpsideDown UIInterfaceOrientationLandscapeLeft UIInterfaceOrientationLandscapeRight";
				INFOPLIST_KEY_UISupportedInterfaceOrientations_iPhone = "UIInterfaceOrientationPortrait UIInterfaceOrientationLandscapeLeft UIInterfaceOrientationLandscapeRight";
				LD_RUNPATH_SEARCH_PATHS = (
					"$(inherited)",
					"@executable_path/Frameworks",
				);
				MARKETING_VERSION = 1.0;
				PRODUCT_BUNDLE_IDENTIFIER = com.KaitoMuraoka.SampleAppWithWeb;
				PRODUCT_NAME = "$(TARGET_NAME)";
				SWIFT_EMIT_LOC_STRINGS = YES;
				SWIFT_VERSION = 5.0;
				TARGETED_DEVICE_FAMILY = "1,2";
			};
			name = Debug;
		};
		3F333F1A2C215E8B002F8C2C /* Release */ = {
			isa = XCBuildConfiguration;
			buildSettings = {
				ASSETCATALOG_COMPILER_APPICON_NAME = AppIcon;
				ASSETCATALOG_COMPILER_GLOBAL_ACCENT_COLOR_NAME = AccentColor;
				CODE_SIGN_STYLE = Automatic;
				CURRENT_PROJECT_VERSION = 1;
				DEVELOPMENT_ASSET_PATHS = "\"SampleAppWithWeb/Preview Content\"";
				DEVELOPMENT_TEAM = B58T472MM3;
				ENABLE_PREVIEWS = YES;
				GENERATE_INFOPLIST_FILE = YES;
				INFOPLIST_KEY_UIApplicationSceneManifest_Generation = YES;
				INFOPLIST_KEY_UIApplicationSupportsIndirectInputEvents = YES;
				INFOPLIST_KEY_UILaunchScreen_Generation = YES;
				INFOPLIST_KEY_UISupportedInterfaceOrientations_iPad = "UIInterfaceOrientationPortrait UIInterfaceOrientationPortraitUpsideDown UIInterfaceOrientationLandscapeLeft UIInterfaceOrientationLandscapeRight";
				INFOPLIST_KEY_UISupportedInterfaceOrientations_iPhone = "UIInterfaceOrientationPortrait UIInterfaceOrientationLandscapeLeft UIInterfaceOrientationLandscapeRight";
				LD_RUNPATH_SEARCH_PATHS = (
					"$(inherited)",
					"@executable_path/Frameworks",
				);
				MARKETING_VERSION = 1.0;
				PRODUCT_BUNDLE_IDENTIFIER = com.KaitoMuraoka.SampleAppWithWeb;
				PRODUCT_NAME = "$(TARGET_NAME)";
				SWIFT_EMIT_LOC_STRINGS = YES;
				SWIFT_VERSION = 5.0;
				TARGETED_DEVICE_FAMILY = "1,2";
			};
			name = Release;
		};
		3F333F1C2C215E8B002F8C2C /* Debug */ = {
			isa = XCBuildConfiguration;
			buildSettings = {
				ALWAYS_EMBED_SWIFT_STANDARD_LIBRARIES = YES;
				BUNDLE_LOADER = "$(TEST_HOST)";
				CODE_SIGN_STYLE = Automatic;
				CURRENT_PROJECT_VERSION = 1;
				DEVELOPMENT_TEAM = B58T472MM3;
				GENERATE_INFOPLIST_FILE = YES;
				IPHONEOS_DEPLOYMENT_TARGET = 17.5;
				MARKETING_VERSION = 1.0;
				PRODUCT_BUNDLE_IDENTIFIER = com.KaitoMuraoka.SampleAppWithWebTests;
				PRODUCT_NAME = "$(TARGET_NAME)";
				SWIFT_EMIT_LOC_STRINGS = NO;
				SWIFT_VERSION = 5.0;
				TARGETED_DEVICE_FAMILY = "1,2";
				TEST_HOST = "$(BUILT_PRODUCTS_DIR)/SampleAppWithWeb.app/$(BUNDLE_EXECUTABLE_FOLDER_PATH)/SampleAppWithWeb";
			};
			name = Debug;
		};
		3F333F1D2C215E8B002F8C2C /* Release */ = {
			isa = XCBuildConfiguration;
			buildSettings = {
				ALWAYS_EMBED_SWIFT_STANDARD_LIBRARIES = YES;
				BUNDLE_LOADER = "$(TEST_HOST)";
				CODE_SIGN_STYLE = Automatic;
				CURRENT_PROJECT_VERSION = 1;
				DEVELOPMENT_TEAM = B58T472MM3;
				GENERATE_INFOPLIST_FILE = YES;
				IPHONEOS_DEPLOYMENT_TARGET = 17.5;
				MARKETING_VERSION = 1.0;
				PRODUCT_BUNDLE_IDENTIFIER = com.KaitoMuraoka.SampleAppWithWebTests;
				PRODUCT_NAME = "$(TARGET_NAME)";
				SWIFT_EMIT_LOC_STRINGS = NO;
				SWIFT_VERSION = 5.0;
				TARGETED_DEVICE_FAMILY = "1,2";
				TEST_HOST = "$(BUILT_PRODUCTS_DIR)/SampleAppWithWeb.app/$(BUNDLE_EXECUTABLE_FOLDER_PATH)/SampleAppWithWeb";
			};
			name = Release;
		};
		3F333F1F2C215E8B002F8C2C /* Debug */ = {
			isa = XCBuildConfiguration;
			buildSettings = {
				ALWAYS_EMBED_SWIFT_STANDARD_LIBRARIES = YES;
				CODE_SIGN_STYLE = Automatic;
				CURRENT_PROJECT_VERSION = 1;
				DEVELOPMENT_TEAM = B58T472MM3;
				GENERATE_INFOPLIST_FILE = YES;
				MARKETING_VERSION = 1.0;
				PRODUCT_BUNDLE_IDENTIFIER = com.KaitoMuraoka.SampleAppWithWebUITests;
				PRODUCT_NAME = "$(TARGET_NAME)";
				SWIFT_EMIT_LOC_STRINGS = NO;
				SWIFT_VERSION = 5.0;
				TARGETED_DEVICE_FAMILY = "1,2";
				TEST_TARGET_NAME = SampleAppWithWeb;
			};
			name = Debug;
		};
		3F333F202C215E8B002F8C2C /* Release */ = {
			isa = XCBuildConfiguration;
			buildSettings = {
				ALWAYS_EMBED_SWIFT_STANDARD_LIBRARIES = YES;
				CODE_SIGN_STYLE = Automatic;
				CURRENT_PROJECT_VERSION = 1;
				DEVELOPMENT_TEAM = B58T472MM3;
				GENERATE_INFOPLIST_FILE = YES;
				MARKETING_VERSION = 1.0;
				PRODUCT_BUNDLE_IDENTIFIER = com.KaitoMuraoka.SampleAppWithWebUITests;
				PRODUCT_NAME = "$(TARGET_NAME)";
				SWIFT_EMIT_LOC_STRINGS = NO;
				SWIFT_VERSION = 5.0;
				TARGETED_DEVICE_FAMILY = "1,2";
				TEST_TARGET_NAME = SampleAppWithWeb;
			};
			name = Release;
		};
/* End XCBuildConfiguration section */

/* Begin XCConfigurationList section */
		3F333EEF2C215E89002F8C2C /* Build configuration list for PBXProject "SampleAppWithWeb" */ = {
			isa = XCConfigurationList;
			buildConfigurations = (
				3F333F162C215E8B002F8C2C /* Debug */,
				3F333F172C215E8B002F8C2C /* Release */,
			);
			defaultConfigurationIsVisible = 0;
			defaultConfigurationName = Release;
		};
		3F333F182C215E8B002F8C2C /* Build configuration list for PBXNativeTarget "SampleAppWithWeb" */ = {
			isa = XCConfigurationList;
			buildConfigurations = (
				3F333F192C215E8B002F8C2C /* Debug */,
				3F333F1A2C215E8B002F8C2C /* Release */,
			);
			defaultConfigurationIsVisible = 0;
			defaultConfigurationName = Release;
		};
		3F333F1B2C215E8B002F8C2C /* Build configuration list for PBXNativeTarget "SampleAppWithWebTests" */ = {
			isa = XCConfigurationList;
			buildConfigurations = (
				3F333F1C2C215E8B002F8C2C /* Debug */,
				3F333F1D2C215E8B002F8C2C /* Release */,
			);
			defaultConfigurationIsVisible = 0;
			defaultConfigurationName = Release;
		};
		3F333F1E2C215E8B002F8C2C /* Build configuration list for PBXNativeTarget "SampleAppWithWebUITests" */ = {
			isa = XCConfigurationList;
			buildConfigurations = (
				3F333F1F2C215E8B002F8C2C /* Debug */,
				3F333F202C215E8B002F8C2C /* Release */,
			);
			defaultConfigurationIsVisible = 0;
			defaultConfigurationName = Release;
		};
/* End XCConfigurationList section */
	};
	rootObject = 3F333EEC2C215E89002F8C2C /* Project object */;
}
